
Microsoft Visual Studio Solution File, Format Version 12.00
# Visual Studio Version 17
VisualStudioVersion = 17.1.32328.378
MinimumVisualStudioVersion = 10.0.40219.1
Project("{FAE04EC0-301F-11D3-BF4B-00C04F79EFBC}") = "Exercicio aula 07 - Angela", "Exercicio aula 07 - Angela\Exercicio aula 07 - Angela.csproj", "{FF94B7F7-CC5E-4BC2-AF20-903C264AD90E}"
EndProject
Global
	GlobalSection(SolutionConfigurationPlatforms) = preSolution
		Debug|Any CPU = Debug|Any CPU
		Release|Any CPU = Release|Any CPU
	EndGlobalSection
	GlobalSection(ProjectConfigurationPlatforms) = postSolution
		{FF94B7F7-CC5E-4BC2-AF20-903C264AD90E}.Debug|Any CPU.ActiveCfg = Debug|Any CPU
		{FF94B7F7-CC5E-4BC2-AF20-903C264AD90E}.Debug|Any CPU.Build.0 = Debug|Any CPU
		{FF94B7F7-CC5E-4BC2-AF20-903C264AD90E}.Release|Any CPU.ActiveCfg = Release|Any CPU
		{FF94B7F7-CC5E-4BC2-AF20-903C264AD90E}.Release|Any CPU.Build.0 = Release|Any CPU
	EndGlobalSection
	GlobalSection(SolutionProperties) = preSolution
		HideSolutionNode = FALSE
	EndGlobalSection
	GlobalSection(ExtensibilityGlobals) = postSolution
		SolutionGuid = {EFBED911-A8BE-431F-A3F6-8010F2378C1F}
	EndGlobalSection
EndGlobal
